
Microsoft Visual Studio Solution File, Format Version 12.00
# Visual Studio Version 16
VisualStudioVersion = 16.0.30309.148
MinimumVisualStudioVersion = 10.0.40219.1
Project("{FAE04EC0-301F-11D3-BF4B-00C04F79EFBC}") = "SolicitaTokenFormUrlEncoded", "SolicitaTokenFormUrlEncoded.csproj", "{FD21A36A-593B-441D-AB6E-77FCC0D9264F}"
EndProject
Global
	GlobalSection(SolutionConfigurationPlatforms) = preSolution
		Debug|Any CPU = Debug|Any CPU
		Release|Any CPU = Release|Any CPU
	EndGlobalSection
	GlobalSection(ProjectConfigurationPlatforms) = postSolution
		{FD21A36A-593B-441D-AB6E-77FCC0D9264F}.Debug|Any CPU.ActiveCfg = Debug|Any CPU
		{FD21A36A-593B-441D-AB6E-77FCC0D9264F}.Debug|Any CPU.Build.0 = Debug|Any CPU
		{FD21A36A-593B-441D-AB6E-77FCC0D9264F}.Release|Any CPU.ActiveCfg = Release|Any CPU
		{FD21A36A-593B-441D-AB6E-77FCC0D9264F}.Release|Any CPU.Build.0 = Release|Any CPU
	EndGlobalSection
	GlobalSection(SolutionProperties) = preSolution
		HideSolutionNode = FALSE
	EndGlobalSection
	GlobalSection(ExtensibilityGlobals) = postSolution
		SolutionGuid = {EF47D0CC-7E6C-4BC9-8896-7C878B471FBF}
	EndGlobalSection
EndGlobal
